// !$*UTF8*$!
{
	archiveVersion = 1;
	classes = {
	};
	objectVersion = 56;
	objects = {

/* Begin PBXBuildFile section */
		B8BE994B29DFFCA800EC751F /* AdminDB.swift in Sources */ = {isa = PBXBuildFile; fileRef = B8BE994A29DFFCA800EC751F /* AdminDB.swift */; };
		B8BE994D29DFFF1900EC751F /* GoogleService-Info.plist in Resources */ = {isa = PBXBuildFile; fileRef = B8BE994C29DFFF1900EC751F /* GoogleService-Info.plist */; };
		B8BE995029DFFFEB00EC751F /* FirebaseAuth in Frameworks */ = {isa = PBXBuildFile; productRef = B8BE994F29DFFFEB00EC751F /* FirebaseAuth */; };
		B8BE995229DFFFEB00EC751F /* FirebaseDatabase in Frameworks */ = {isa = PBXBuildFile; productRef = B8BE995129DFFFEB00EC751F /* FirebaseDatabase */; };
		B8BE995429DFFFEB00EC751F /* FirebaseDatabaseSwift in Frameworks */ = {isa = PBXBuildFile; productRef = B8BE995329DFFFEB00EC751F /* FirebaseDatabaseSwift */; };
		B8BE995629E0056500EC751F /* NotificationHandler.swift in Sources */ = {isa = PBXBuildFile; fileRef = B8BE995529E0056500EC751F /* NotificationHandler.swift */; };
		B8F27B4929B5BD4A00158144 /* VoyaceAdminApp.swift in Sources */ = {isa = PBXBuildFile; fileRef = B8F27B4829B5BD4A00158144 /* VoyaceAdminApp.swift */; };
		B8F27B4B29B5BD4A00158144 /* ContentView.swift in Sources */ = {isa = PBXBuildFile; fileRef = B8F27B4A29B5BD4A00158144 /* ContentView.swift */; };
		B8F27B4D29B5BD4C00158144 /* Assets.xcassets in Resources */ = {isa = PBXBuildFile; fileRef = B8F27B4C29B5BD4C00158144 /* Assets.xcassets */; };
		B8F27B5129B5BD4C00158144 /* Preview Assets.xcassets in Resources */ = {isa = PBXBuildFile; fileRef = B8F27B5029B5BD4C00158144 /* Preview Assets.xcassets */; };
		B8F27B5829B5C1B200158144 /* Launch Screen.storyboard in Resources */ = {isa = PBXBuildFile; fileRef = B8F27B5729B5C1B200158144 /* Launch Screen.storyboard */; };
		B8F27B5C29B5D11C00158144 /* AddHotel.swift in Sources */ = {isa = PBXBuildFile; fileRef = B8F27B5B29B5D11C00158144 /* AddHotel.swift */; };
		B8F27B5E29B5DB8400158144 /* NoEntries.swift in Sources */ = {isa = PBXBuildFile; fileRef = B8F27B5D29B5DB8400158144 /* NoEntries.swift */; };
		B8F27B6029B5DC6A00158144 /* ListHotels.swift in Sources */ = {isa = PBXBuildFile; fileRef = B8F27B5F29B5DC6A00158144 /* ListHotels.swift */; };
/* End PBXBuildFile section */

/* Begin PBXFileReference section */
		B8BE994A29DFFCA800EC751F /* AdminDB.swift */ = {isa = PBXFileReference; lastKnownFileType = sourcecode.swift; path = AdminDB.swift; sourceTree = "<group>"; };
		B8BE994C29DFFF1900EC751F /* GoogleService-Info.plist */ = {isa = PBXFileReference; fileEncoding = 4; lastKnownFileType = text.plist.xml; path = "GoogleService-Info.plist"; sourceTree = "<group>"; };
		B8BE995529E0056500EC751F /* NotificationHandler.swift */ = {isa = PBXFileReference; lastKnownFileType = sourcecode.swift; path = NotificationHandler.swift; sourceTree = "<group>"; };
		B8F27B4529B5BD4A00158144 /* VoyaceAdmin.app */ = {isa = PBXFileReference; explicitFileType = wrapper.application; includeInIndex = 0; path = VoyaceAdmin.app; sourceTree = BUILT_PRODUCTS_DIR; };
		B8F27B4829B5BD4A00158144 /* VoyaceAdminApp.swift */ = {isa = PBXFileReference; lastKnownFileType = sourcecode.swift; path = VoyaceAdminApp.swift; sourceTree = "<group>"; };
		B8F27B4A29B5BD4A00158144 /* ContentView.swift */ = {isa = PBXFileReference; lastKnownFileType = sourcecode.swift; path = ContentView.swift; sourceTree = "<group>"; };
		B8F27B4C29B5BD4C00158144 /* Assets.xcassets */ = {isa = PBXFileReference; lastKnownFileType = folder.assetcatalog; path = Assets.xcassets; sourceTree = "<group>"; };
		B8F27B4E29B5BD4C00158144 /* VoyaceAdmin.entitlements */ = {isa = PBXFileReference; lastKnownFileType = text.plist.entitlements; path = VoyaceAdmin.entitlements; sourceTree = "<group>"; };
		B8F27B5029B5BD4C00158144 /* Preview Assets.xcassets */ = {isa = PBXFileReference; lastKnownFileType = folder.assetcatalog; path = "Preview Assets.xcassets"; sourceTree = "<group>"; };
		B8F27B5729B5C1B200158144 /* Launch Screen.storyboard */ = {isa = PBXFileReference; lastKnownFileType = file.storyboard; path = "Launch Screen.storyboard"; sourceTree = "<group>"; };
		B8F27B5B29B5D11C00158144 /* AddHotel.swift */ = {isa = PBXFileReference; lastKnownFileType = sourcecode.swift; path = AddHotel.swift; sourceTree = "<group>"; };
		B8F27B5D29B5DB8400158144 /* NoEntries.swift */ = {isa = PBXFileReference; lastKnownFileType = sourcecode.swift; path = NoEntries.swift; sourceTree = "<group>"; };
		B8F27B5F29B5DC6A00158144 /* ListHotels.swift */ = {isa = PBXFileReference; lastKnownFileType = sourcecode.swift; path = ListHotels.swift; sourceTree = "<group>"; };
/* End PBXFileReference section */

/* Begin PBXFrameworksBuildPhase section */
		B8F27B4229B5BD4A00158144 /* Frameworks */ = {
			isa = PBXFrameworksBuildPhase;
			buildActionMask = 2147483647;
			files = (
				B8BE995429DFFFEB00EC751F /* FirebaseDatabaseSwift in Frameworks */,
				B8BE995229DFFFEB00EC751F /* FirebaseDatabase in Frameworks */,
				B8BE995029DFFFEB00EC751F /* FirebaseAuth in Frameworks */,
			);
			runOnlyForDeploymentPostprocessing = 0;
		};
/* End PBXFrameworksBuildPhase section */

/* Begin PBXGroup section */
		B8F27B3C29B5BD4A00158144 = {
			isa = PBXGroup;
			children = (
				B8F27B4729B5BD4A00158144 /* VoyaceAdmin */,
				B8F27B4629B5BD4A00158144 /* Products */,
			);
			sourceTree = "<group>";
		};
		B8F27B4629B5BD4A00158144 /* Products */ = {
			isa = PBXGroup;
			children = (
				B8F27B4529B5BD4A00158144 /* VoyaceAdmin.app */,
			);
			name = Products;
			sourceTree = "<group>";
		};
		B8F27B4729B5BD4A00158144 /* VoyaceAdmin */ = {
			isa = PBXGroup;
			children = (
				B8BE994A29DFFCA800EC751F /* AdminDB.swift */,
				B8F27B4829B5BD4A00158144 /* VoyaceAdminApp.swift */,
				B8BE995529E0056500EC751F /* NotificationHandler.swift */,
				B8F27B4A29B5BD4A00158144 /* ContentView.swift */,
				B8F27B5F29B5DC6A00158144 /* ListHotels.swift */,
				B8F27B5D29B5DB8400158144 /* NoEntries.swift */,
				B8F27B5B29B5D11C00158144 /* AddHotel.swift */,
				B8F27B4C29B5BD4C00158144 /* Assets.xcassets */,
				B8F27B4E29B5BD4C00158144 /* VoyaceAdmin.entitlements */,
				B8F27B5729B5C1B200158144 /* Launch Screen.storyboard */,
				B8BE994C29DFFF1900EC751F /* GoogleService-Info.plist */,
				B8F27B4F29B5BD4C00158144 /* Preview Content */,
			);
			path = VoyaceAdmin;
			sourceTree = "<group>";
		};
		B8F27B4F29B5BD4C00158144 /* Preview Content */ = {
			isa = PBXGroup;
			children = (
				B8F27B5029B5BD4C00158144 /* Preview Assets.xcassets */,
			);
			path = "Preview Content";
			sourceTree = "<group>";
		};
/* End PBXGroup section */

/* Begin PBXNativeTarget section */
		B8F27B4429B5BD4A00158144 /* VoyaceAdmin */ = {
			isa = PBXNativeTarget;
			buildConfigurationList = B8F27B5429B5BD4C00158144 /* Build configuration list for PBXNativeTarget "VoyaceAdmin" */;
			buildPhases = (
				B8F27B4129B5BD4A00158144 /* Sources */,
				B8F27B4229B5BD4A00158144 /* Frameworks */,
				B8F27B4329B5BD4A00158144 /* Resources */,
			);
			buildRules = (
			);
			dependencies = (
			);
			name = VoyaceAdmin;
			packageProductDependencies = (
				B8BE994F29DFFFEB00EC751F /* FirebaseAuth */,
				B8BE995129DFFFEB00EC751F /* FirebaseDatabase */,
				B8BE995329DFFFEB00EC751F /* FirebaseDatabaseSwift */,
			);
			productName = VoyaceAdmin;
			productReference = B8F27B4529B5BD4A00158144 /* VoyaceAdmin.app */;
			productType = "com.apple.product-type.application";
		};
/* End PBXNativeTarget section */

/* Begin PBXProject section */
		B8F27B3D29B5BD4A00158144 /* Project object */ = {
			isa = PBXProject;
			attributes = {
				BuildIndependentTargetsInParallel = 1;
				LastSwiftUpdateCheck = 1420;
				LastUpgradeCheck = 1420;
				TargetAttributes = {
					B8F27B4429B5BD4A00158144 = {
						CreatedOnToolsVersion = 14.2;
					};
				};
			};
			buildConfigurationList = B8F27B4029B5BD4A00158144 /* Build configuration list for PBXProject "VoyaceAdmin" */;
			compatibilityVersion = "Xcode 14.0";
			developmentRegion = en;
			hasScannedForEncodings = 0;
			knownRegions = (
				en,
				Base,
			);
			mainGroup = B8F27B3C29B5BD4A00158144;
			packageReferences = (
				B8BE994E29DFFFEB00EC751F /* XCRemoteSwiftPackageReference "firebase-ios-sdk" */,
			);
			productRefGroup = B8F27B4629B5BD4A00158144 /* Products */;
			projectDirPath = "";
			projectRoot = "";
			targets = (
				B8F27B4429B5BD4A00158144 /* VoyaceAdmin */,
			);
		};
/* End PBXProject section */

/* Begin PBXResourcesBuildPhase section */
		B8F27B4329B5BD4A00158144 /* Resources */ = {
			isa = PBXResourcesBuildPhase;
			buildActionMask = 2147483647;
			files = (
				B8F27B5829B5C1B200158144 /* Launch Screen.storyboard in Resources */,
				B8BE994D29DFFF1900EC751F /* GoogleService-Info.plist in Resources */,
				B8F27B5129B5BD4C00158144 /* Preview Assets.xcassets in Resources */,
				B8F27B4D29B5BD4C00158144 /* Assets.xcassets in Resources */,
			);
			runOnlyForDeploymentPostprocessing = 0;
		};
/* End PBXResourcesBuildPhase section */

/* Begin PBXSourcesBuildPhase section */
		B8F27B4129B5BD4A00158144 /* Sources */ = {
			isa = PBXSourcesBuildPhase;
			buildActionMask = 2147483647;
			files = (
				B8F27B4B29B5BD4A00158144 /* ContentView.swift in Sources */,
				B8BE994B29DFFCA800EC751F /* AdminDB.swift in Sources */,
				B8BE995629E0056500EC751F /* NotificationHandler.swift in Sources */,
				B8F27B6029B5DC6A00158144 /* ListHotels.swift in Sources */,
				B8F27B5E29B5DB8400158144 /* NoEntries.swift in Sources */,
				B8F27B4929B5BD4A00158144 /* VoyaceAdminApp.swift in Sources */,
				B8F27B5C29B5D11C00158144 /* AddHotel.swift in Sources */,
			);
			runOnlyForDeploymentPostprocessing = 0;
		};
/* End PBXSourcesBuildPhase section */

/* Begin XCBuildConfiguration section */
		B8F27B5229B5BD4C00158144 /* Debug */ = {
			isa = XCBuildConfiguration;
			buildSettings = {
				ALWAYS_SEARCH_USER_PATHS = NO;
				CLANG_ANALYZER_NONNULL = YES;
				CLANG_ANALYZER_NUMBER_OBJECT_CONVERSION = YES_AGGRESSIVE;
				CLANG_CXX_LANGUAGE_STANDARD = "gnu++20";
				CLANG_ENABLE_MODULES = YES;
				CLANG_ENABLE_OBJC_ARC = YES;
				CLANG_ENABLE_OBJC_WEAK = YES;
				CLANG_WARN_BLOCK_CAPTURE_AUTORELEASING = YES;
				CLANG_WARN_BOOL_CONVERSION = YES;
				CLANG_WARN_COMMA = YES;
				CLANG_WARN_CONSTANT_CONVERSION = YES;
				CLANG_WARN_DEPRECATED_OBJC_IMPLEMENTATIONS = YES;
				CLANG_WARN_DIRECT_OBJC_ISA_USAGE = YES_ERROR;
				CLANG_WARN_DOCUMENTATION_COMMENTS = YES;
				CLANG_WARN_EMPTY_BODY = YES;
				CLANG_WARN_ENUM_CONVERSION = YES;
				CLANG_WARN_INFINITE_RECURSION = YES;
				CLANG_WARN_INT_CONVERSION = YES;
				CLANG_WARN_NON_LITERAL_NULL_CONVERSION = YES;
				CLANG_WARN_OBJC_IMPLICIT_RETAIN_SELF = YES;
				CLANG_WARN_OBJC_LITERAL_CONVERSION = YES;
				CLANG_WARN_OBJC_ROOT_CLASS = YES_ERROR;
				CLANG_WARN_QUOTED_INCLUDE_IN_FRAMEWORK_HEADER = YES;
				CLANG_WARN_RANGE_LOOP_ANALYSIS = YES;
				CLANG_WARN_STRICT_PROTOTYPES = YES;
				CLANG_WARN_SUSPICIOUS_MOVE = YES;
				CLANG_WARN_UNGUARDED_AVAILABILITY = YES_AGGRESSIVE;
				CLANG_WARN_UNREACHABLE_CODE = YES;
				CLANG_WARN__DUPLICATE_METHOD_MATCH = YES;
				COPY_PHASE_STRIP = NO;
				DEBUG_INFORMATION_FORMAT = dwarf;
				ENABLE_STRICT_OBJC_MSGSEND = YES;
				ENABLE_TESTABILITY = YES;
				GCC_C_LANGUAGE_STANDARD = gnu11;
				GCC_DYNAMIC_NO_PIC = NO;
				GCC_NO_COMMON_BLOCKS = YES;
				GCC_OPTIMIZATION_LEVEL = 0;
				GCC_PREPROCESSOR_DEFINITIONS = (
					"DEBUG=1",
					"$(inherited)",
				);
				GCC_WARN_64_TO_32_BIT_CONVERSION = YES;
				GCC_WARN_ABOUT_RETURN_TYPE = YES_ERROR;
				GCC_WARN_UNDECLARED_SELECTOR = YES;
				GCC_WARN_UNINITIALIZED_AUTOS = YES_AGGRESSIVE;
				GCC_WARN_UNUSED_FUNCTION = YES;
				GCC_WARN_UNUSED_VARIABLE = YES;
				MTL_ENABLE_DEBUG_INFO = INCLUDE_SOURCE;
				MTL_FAST_MATH = YES;
				ONLY_ACTIVE_ARCH = YES;
				SWIFT_ACTIVE_COMPILATION_CONDITIONS = DEBUG;
				SWIFT_OPTIMIZATION_LEVEL = "-Onone";
			};
			name = Debug;
		};
		B8F27B5329B5BD4C00158144 /* Release */ = {
			isa = XCBuildConfiguration;
			buildSettings = {
				ALWAYS_SEARCH_USER_PATHS = NO;
				CLANG_ANALYZER_NONNULL = YES;
				CLANG_ANALYZER_NUMBER_OBJECT_CONVERSION = YES_AGGRESSIVE;
				CLANG_CXX_LANGUAGE_STANDARD = "gnu++20";
				CLANG_ENABLE_MODULES = YES;
				CLANG_ENABLE_OBJC_ARC = YES;
				CLANG_ENABLE_OBJC_WEAK = YES;
				CLANG_WARN_BLOCK_CAPTURE_AUTORELEASING = YES;
				CLANG_WARN_BOOL_CONVERSION = YES;
				CLANG_WARN_COMMA = YES;
				CLANG_WARN_CONSTANT_CONVERSION = YES;
				CLANG_WARN_DEPRECATED_OBJC_IMPLEMENTATIONS = YES;
				CLANG_WARN_DIRECT_OBJC_ISA_USAGE = YES_ERROR;
				CLANG_WARN_DOCUMENTATION_COMMENTS = YES;
				CLANG_WARN_EMPTY_BODY = YES;
				CLANG_WARN_ENUM_CONVERSION = YES;
				CLANG_WARN_INFINITE_RECURSION = YES;
				CLANG_WARN_INT_CONVERSION = YES;
				CLANG_WARN_NON_LITERAL_NULL_CONVERSION = YES;
				CLANG_WARN_OBJC_IMPLICIT_RETAIN_SELF = YES;
				CLANG_WARN_OBJC_LITERAL_CONVERSION = YES;
				CLANG_WARN_OBJC_ROOT_CLASS = YES_ERROR;
				CLANG_WARN_QUOTED_INCLUDE_IN_FRAMEWORK_HEADER = YES;
				CLANG_WARN_RANGE_LOOP_ANALYSIS = YES;
				CLANG_WARN_STRICT_PROTOTYPES = YES;
				CLANG_WARN_SUSPICIOUS_MOVE = YES;
				CLANG_WARN_UNGUARDED_AVAILABILITY = YES_AGGRESSIVE;
				CLANG_WARN_UNREACHABLE_CODE = YES;
				CLANG_WARN__DUPLICATE_METHOD_MATCH = YES;
				COPY_PHASE_STRIP = NO;
				DEBUG_INFORMATION_FORMAT = "dwarf-with-dsym";
				ENABLE_NS_ASSERTIONS = NO;
				ENABLE_STRICT_OBJC_MSGSEND = YES;
				GCC_C_LANGUAGE_STANDARD = gnu11;
				GCC_NO_COMMON_BLOCKS = YES;
				GCC_WARN_64_TO_32_BIT_CONVERSION = YES;
				GCC_WARN_ABOUT_RETURN_TYPE = YES_ERROR;
				GCC_WARN_UNDECLARED_SELECTOR = YES;
				GCC_WARN_UNINITIALIZED_AUTOS = YES_AGGRESSIVE;
				GCC_WARN_UNUSED_FUNCTION = YES;
				GCC_WARN_UNUSED_VARIABLE = YES;
				MTL_ENABLE_DEBUG_INFO = NO;
				MTL_FAST_MATH = YES;
				SWIFT_COMPILATION_MODE = wholemodule;
				SWIFT_OPTIMIZATION_LEVEL = "-O";
			};
			name = Release;
		};
		B8F27B5529B5BD4C00158144 /* Debug */ = {
			isa = XCBuildConfiguration;
			buildSettings = {
				ASSETCATALOG_COMPILER_APPICON_NAME = AppIcon;
				ASSETCATALOG_COMPILER_GLOBAL_ACCENT_COLOR_NAME = AccentColor;
				CODE_SIGN_ENTITLEMENTS = VoyaceAdmin/VoyaceAdmin.entitlements;
				CODE_SIGN_STYLE = Automatic;
				CURRENT_PROJECT_VERSION = 1;
				DEVELOPMENT_ASSET_PATHS = "\"VoyaceAdmin/Preview Content\"";
				ENABLE_PREVIEWS = YES;
				GENERATE_INFOPLIST_FILE = YES;
				"INFOPLIST_KEY_UIApplicationSceneManifest_Generation[sdk=iphoneos*]" = YES;
				"INFOPLIST_KEY_UIApplicationSceneManifest_Generation[sdk=iphonesimulator*]" = YES;
				"INFOPLIST_KEY_UIApplicationSupportsIndirectInputEvents[sdk=iphoneos*]" = YES;
				"INFOPLIST_KEY_UIApplicationSupportsIndirectInputEvents[sdk=iphonesimulator*]" = YES;
				"INFOPLIST_KEY_UILaunchScreen_Generation[sdk=iphoneos*]" = YES;
				"INFOPLIST_KEY_UILaunchScreen_Generation[sdk=iphonesimulator*]" = YES;
				INFOPLIST_KEY_UILaunchStoryboardName = "Launch Screen.storyboard";
				"INFOPLIST_KEY_UIStatusBarStyle[sdk=iphoneos*]" = UIStatusBarStyleDefault;
				"INFOPLIST_KEY_UIStatusBarStyle[sdk=iphonesimulator*]" = UIStatusBarStyleDefault;
				INFOPLIST_KEY_UISupportedInterfaceOrientations_iPad = "UIInterfaceOrientationPortrait UIInterfaceOrientationPortraitUpsideDown UIInterfaceOrientationLandscapeLeft UIInterfaceOrientationLandscapeRight";
				INFOPLIST_KEY_UISupportedInterfaceOrientations_iPhone = "UIInterfaceOrientationPortrait UIInterfaceOrientationLandscapeLeft UIInterfaceOrientationLandscapeRight";
				IPHONEOS_DEPLOYMENT_TARGET = 16.2;
				LD_RUNPATH_SEARCH_PATHS = "@executable_path/Frameworks";
				"LD_RUNPATH_SEARCH_PATHS[sdk=macosx*]" = "@executable_path/../Frameworks";
				MACOSX_DEPLOYMENT_TARGET = 13.1;
				MARKETING_VERSION = 1.0;
				PRODUCT_BUNDLE_IDENTIFIER = "mdev1007-23w.VoyaceAdmin";
				PRODUCT_NAME = "$(TARGET_NAME)";
				SDKROOT = auto;
				SUPPORTED_PLATFORMS = "iphoneos iphonesimulator macosx";
				SWIFT_EMIT_LOC_STRINGS = YES;
				SWIFT_VERSION = 5.0;
				TARGETED_DEVICE_FAMILY = "1,2";
			};
			name = Debug;
		};
		B8F27B5629B5BD4C00158144 /* Release */ = {
			isa = XCBuildConfiguration;
			buildSettings = {
				ASSETCATALOG_COMPILER_APPICON_NAME = AppIcon;
				ASSETCATALOG_COMPILER_GLOBAL_ACCENT_COLOR_NAME = AccentColor;
				CODE_SIGN_ENTITLEMENTS = VoyaceAdmin/VoyaceAdmin.entitlements;
				CODE_SIGN_STYLE = Automatic;
				CURRENT_PROJECT_VERSION = 1;
				DEVELOPMENT_ASSET_PATHS = "\"VoyaceAdmin/Preview Content\"";
				ENABLE_PREVIEWS = YES;
				GENERATE_INFOPLIST_FILE = YES;
				"INFOPLIST_KEY_UIApplicationSceneManifest_Generation[sdk=iphoneos*]" = YES;
				"INFOPLIST_KEY_UIApplicationSceneManifest_Generation[sdk=iphonesimulator*]" = YES;
				"INFOPLIST_KEY_UIApplicationSupportsIndirectInputEvents[sdk=iphoneos*]" = YES;
				"INFOPLIST_KEY_UIApplicationSupportsIndirectInputEvents[sdk=iphonesimulator*]" = YES;
				"INFOPLIST_KEY_UILaunchScreen_Generation[sdk=iphoneos*]" = YES;
				"INFOPLIST_KEY_UILaunchScreen_Generation[sdk=iphonesimulator*]" = YES;
				INFOPLIST_KEY_UILaunchStoryboardName = "Launch Screen.storyboard";
				"INFOPLIST_KEY_UIStatusBarStyle[sdk=iphoneos*]" = UIStatusBarStyleDefault;
				"INFOPLIST_KEY_UIStatusBarStyle[sdk=iphonesimulator*]" = UIStatusBarStyleDefault;
				INFOPLIST_KEY_UISupportedInterfaceOrientations_iPad = "UIInterfaceOrientationPortrait UIInterfaceOrientationPortraitUpsideDown UIInterfaceOrientationLandscapeLeft UIInterfaceOrientationLandscapeRight";
				INFOPLIST_KEY_UISupportedInterfaceOrientations_iPhone = "UIInterfaceOrientationPortrait UIInterfaceOrientationLandscapeLeft UIInterfaceOrientationLandscapeRight";
				IPHONEOS_DEPLOYMENT_TARGET = 16.2;
				LD_RUNPATH_SEARCH_PATHS = "@executable_path/Frameworks";
				"LD_RUNPATH_SEARCH_PATHS[sdk=macosx*]" = "@executable_path/../Frameworks";
				MACOSX_DEPLOYMENT_TARGET = 13.1;
				MARKETING_VERSION = 1.0;
				PRODUCT_BUNDLE_IDENTIFIER = "mdev1007-23w.VoyaceAdmin";
				PRODUCT_NAME = "$(TARGET_NAME)";
				SDKROOT = auto;
				SUPPORTED_PLATFORMS = "iphoneos iphonesimulator macosx";
				SWIFT_EMIT_LOC_STRINGS = YES;
				SWIFT_VERSION = 5.0;
				TARGETED_DEVICE_FAMILY = "1,2";
			};
			name = Release;
		};
/* End XCBuildConfiguration section */

/* Begin XCConfigurationList section */
		B8F27B4029B5BD4A00158144 /* Build configuration list for PBXProject "VoyaceAdmin" */ = {
			isa = XCConfigurationList;
			buildConfigurations = (
				B8F27B5229B5BD4C00158144 /* Debug */,
				B8F27B5329B5BD4C00158144 /* Release */,
			);
			defaultConfigurationIsVisible = 0;
			defaultConfigurationName = Release;
		};
		B8F27B5429B5BD4C00158144 /* Build configuration list for PBXNativeTarget "VoyaceAdmin" */ = {
			isa = XCConfigurationList;
			buildConfigurations = (
				B8F27B5529B5BD4C00158144 /* Debug */,
				B8F27B5629B5BD4C00158144 /* Release */,
			);
			defaultConfigurationIsVisible = 0;
			defaultConfigurationName = Release;
		};
/* End XCConfigurationList section */

/* Begin XCRemoteSwiftPackageReference section */
		B8BE994E29DFFFEB00EC751F /* XCRemoteSwiftPackageReference "firebase-ios-sdk" */ = {
			isa = XCRemoteSwiftPackageReference;
			repositoryURL = "https://github.com/firebase/firebase-ios-sdk";
			requirement = {
				kind = upToNextMajorVersion;
				minimumVersion = 9.0.0;
			};
		};
/* End XCRemoteSwiftPackageReference section */

/* Begin XCSwiftPackageProductDependency section */
		B8BE994F29DFFFEB00EC751F /* FirebaseAuth */ = {
			isa = XCSwiftPackageProductDependency;
			package = B8BE994E29DFFFEB00EC751F /* XCRemoteSwiftPackageReference "firebase-ios-sdk" */;
			productName = FirebaseAuth;
		};
		B8BE995129DFFFEB00EC751F /* FirebaseDatabase */ = {
			isa = XCSwiftPackageProductDependency;
			package = B8BE994E29DFFFEB00EC751F /* XCRemoteSwiftPackageReference "firebase-ios-sdk" */;
			productName = FirebaseDatabase;
		};
		B8BE995329DFFFEB00EC751F /* FirebaseDatabaseSwift */ = {
			isa = XCSwiftPackageProductDependency;
			package = B8BE994E29DFFFEB00EC751F /* XCRemoteSwiftPackageReference "firebase-ios-sdk" */;
			productName = FirebaseDatabaseSwift;
		};
/* End XCSwiftPackageProductDependency section */
	};
	rootObject = B8F27B3D29B5BD4A00158144 /* Project object */;
}
